
Microsoft Visual Studio Solution File, Format Version 12.00
# Visual Studio Version 16
VisualStudioVersion = 16.0.30002.166
MinimumVisualStudioVersion = 10.0.40219.1
Project("{9A19103F-16F7-4668-BE54-9A1E7A4F7556}") = "Fortnox.NET", "Fortnox.NET.csproj", "{AE7EC409-98C9-4CEA-8C6A-46C0C33FF77E}"
EndProject
Project("{9A19103F-16F7-4668-BE54-9A1E7A4F7556}") = "Fortnox.NET.Tests", "..\Fortnox.NET.Tests\Fortnox.NET.Tests\Fortnox.NET.Tests.csproj", "{126FE22B-77F2-4C31-B47F-89F5A9A9B792}"
EndProject
Global
	GlobalSection(SolutionConfigurationPlatforms) = preSolution
		Debug|Any CPU = Debug|Any CPU
		Release|Any CPU = Release|Any CPU
	EndGlobalSection
	GlobalSection(ProjectConfigurationPlatforms) = postSolution
		{AE7EC409-98C9-4CEA-8C6A-46C0C33FF77E}.Debug|Any CPU.ActiveCfg = Debug|Any CPU
		{AE7EC409-98C9-4CEA-8C6A-46C0C33FF77E}.Debug|Any CPU.Build.0 = Debug|Any CPU
		{AE7EC409-98C9-4CEA-8C6A-46C0C33FF77E}.Release|Any CPU.ActiveCfg = Release|Any CPU
		{AE7EC409-98C9-4CEA-8C6A-46C0C33FF77E}.Release|Any CPU.Build.0 = Release|Any CPU
		{126FE22B-77F2-4C31-B47F-89F5A9A9B792}.Debug|Any CPU.ActiveCfg = Debug|Any CPU
		{126FE22B-77F2-4C31-B47F-89F5A9A9B792}.Debug|Any CPU.Build.0 = Debug|Any CPU
		{126FE22B-77F2-4C31-B47F-89F5A9A9B792}.Release|Any CPU.ActiveCfg = Release|Any CPU
		{126FE22B-77F2-4C31-B47F-89F5A9A9B792}.Release|Any CPU.Build.0 = Release|Any CPU
	EndGlobalSection
	GlobalSection(SolutionProperties) = preSolution
		HideSolutionNode = FALSE
	EndGlobalSection
	GlobalSection(ExtensibilityGlobals) = postSolution
		SolutionGuid = {824BBCFD-F0D4-48DD-8110-0CE17EB3BC53}
	EndGlobalSection
EndGlobal
